// !$*UTF8*$!
{
	archiveVersion = 1;
	classes = {
	};
	objectVersion = 55;
	objects = {

/* Begin PBXBuildFile section */
		60E3475E28B662D1007B190D /* PaythruApp.swift in Sources */ = {isa = PBXBuildFile; fileRef = 60E3475D28B662D1007B190D /* PaythruApp.swift */; };
		60E3476028B662D1007B190D /* ContentView.swift in Sources */ = {isa = PBXBuildFile; fileRef = 60E3475F28B662D1007B190D /* ContentView.swift */; };
		60E3476228B662D3007B190D /* Assets.xcassets in Resources */ = {isa = PBXBuildFile; fileRef = 60E3476128B662D3007B190D /* Assets.xcassets */; };
		60E3476C28B6638D007B190D /* README.md in Resources */ = {isa = PBXBuildFile; fileRef = 60E3476B28B6638D007B190D /* README.md */; };
		60E3477228B66B1F007B190D /* CancelBag.swift in Sources */ = {isa = PBXBuildFile; fileRef = 60E3477028B66B1F007B190D /* CancelBag.swift */; };
		60E3477328B66B1F007B190D /* Injection.swift in Sources */ = {isa = PBXBuildFile; fileRef = 60E3477128B66B1F007B190D /* Injection.swift */; };
		60E3477628B66CE4007B190D /* Service.swift in Sources */ = {isa = PBXBuildFile; fileRef = 60E3477528B66CE4007B190D /* Service.swift */; };
		60E3477928B66D41007B190D /* URLSession+Cache.swift in Sources */ = {isa = PBXBuildFile; fileRef = 60E3477828B66D41007B190D /* URLSession+Cache.swift */; };
		60E3477C28B66E3F007B190D /* Repository.swift in Sources */ = {isa = PBXBuildFile; fileRef = 60E3477B28B66E3F007B190D /* Repository.swift */; };
		60E3478128B66EEF007B190D /* Bundle+Wrapper.swift in Sources */ = {isa = PBXBuildFile; fileRef = 60E3478028B66EEF007B190D /* Bundle+Wrapper.swift */; };
		60E3478328B66F0F007B190D /* Response.swift in Sources */ = {isa = PBXBuildFile; fileRef = 60E3478228B66F0F007B190D /* Response.swift */; };
		60E3478728B673D8007B190D /* Country.swift in Sources */ = {isa = PBXBuildFile; fileRef = 60E3478628B673D8007B190D /* Country.swift */; };
		60E3478928B674AE007B190D /* Localizable.strings in Resources */ = {isa = PBXBuildFile; fileRef = 60E3478828B674AE007B190D /* Localizable.strings */; };
		60E3478C28B67599007B190D /* Dictionary+Cache.swift in Sources */ = {isa = PBXBuildFile; fileRef = 60E3478B28B67599007B190D /* Dictionary+Cache.swift */; };
		60E3479128B68A1F007B190D /* String+Utils.swift in Sources */ = {isa = PBXBuildFile; fileRef = 60E3479028B68A1F007B190D /* String+Utils.swift */; };
/* End PBXBuildFile section */

/* Begin PBXFileReference section */
		60E3475A28B662D1007B190D /* Paythru.app */ = {isa = PBXFileReference; explicitFileType = wrapper.application; includeInIndex = 0; path = Paythru.app; sourceTree = BUILT_PRODUCTS_DIR; };
		60E3475D28B662D1007B190D /* PaythruApp.swift */ = {isa = PBXFileReference; lastKnownFileType = sourcecode.swift; path = PaythruApp.swift; sourceTree = "<group>"; };
		60E3475F28B662D1007B190D /* ContentView.swift */ = {isa = PBXFileReference; lastKnownFileType = sourcecode.swift; path = ContentView.swift; sourceTree = "<group>"; };
		60E3476128B662D3007B190D /* Assets.xcassets */ = {isa = PBXFileReference; lastKnownFileType = folder.assetcatalog; path = Assets.xcassets; sourceTree = "<group>"; };
		60E3476B28B6638D007B190D /* README.md */ = {isa = PBXFileReference; fileEncoding = 4; lastKnownFileType = net.daringfireball.markdown; path = README.md; sourceTree = "<group>"; };
		60E3477028B66B1F007B190D /* CancelBag.swift */ = {isa = PBXFileReference; fileEncoding = 4; lastKnownFileType = sourcecode.swift; path = CancelBag.swift; sourceTree = "<group>"; };
		60E3477128B66B1F007B190D /* Injection.swift */ = {isa = PBXFileReference; fileEncoding = 4; lastKnownFileType = sourcecode.swift; path = Injection.swift; sourceTree = "<group>"; };
		60E3477528B66CE4007B190D /* Service.swift */ = {isa = PBXFileReference; fileEncoding = 4; lastKnownFileType = sourcecode.swift; path = Service.swift; sourceTree = "<group>"; };
		60E3477828B66D41007B190D /* URLSession+Cache.swift */ = {isa = PBXFileReference; fileEncoding = 4; lastKnownFileType = sourcecode.swift; path = "URLSession+Cache.swift"; sourceTree = "<group>"; };
		60E3477A28B66DA8007B190D /* Config.xcconfig */ = {isa = PBXFileReference; lastKnownFileType = text.xcconfig; path = Config.xcconfig; sourceTree = "<group>"; };
		60E3477B28B66E3F007B190D /* Repository.swift */ = {isa = PBXFileReference; fileEncoding = 4; lastKnownFileType = sourcecode.swift; path = Repository.swift; sourceTree = "<group>"; };
		60E3478028B66EEF007B190D /* Bundle+Wrapper.swift */ = {isa = PBXFileReference; fileEncoding = 4; lastKnownFileType = sourcecode.swift; path = "Bundle+Wrapper.swift"; sourceTree = "<group>"; };
		60E3478228B66F0F007B190D /* Response.swift */ = {isa = PBXFileReference; lastKnownFileType = sourcecode.swift; path = Response.swift; sourceTree = "<group>"; };
		60E3478628B673D8007B190D /* Country.swift */ = {isa = PBXFileReference; lastKnownFileType = sourcecode.swift; path = Country.swift; sourceTree = "<group>"; };
		60E3478828B674AE007B190D /* Localizable.strings */ = {isa = PBXFileReference; lastKnownFileType = text.plist.strings; path = Localizable.strings; sourceTree = "<group>"; };
		60E3478A28B674CE007B190D /* Paythru-Info.plist */ = {isa = PBXFileReference; lastKnownFileType = text.plist.xml; path = "Paythru-Info.plist"; sourceTree = "<group>"; };
		60E3478B28B67599007B190D /* Dictionary+Cache.swift */ = {isa = PBXFileReference; fileEncoding = 4; lastKnownFileType = sourcecode.swift; path = "Dictionary+Cache.swift"; sourceTree = "<group>"; };
		60E3479028B68A1F007B190D /* String+Utils.swift */ = {isa = PBXFileReference; fileEncoding = 4; lastKnownFileType = sourcecode.swift; path = "String+Utils.swift"; sourceTree = "<group>"; };
/* End PBXFileReference section */

/* Begin PBXFrameworksBuildPhase section */
		60E3475728B662D1007B190D /* Frameworks */ = {
			isa = PBXFrameworksBuildPhase;
			buildActionMask = 2147483647;
			files = (
			);
			runOnlyForDeploymentPostprocessing = 0;
		};
/* End PBXFrameworksBuildPhase section */

/* Begin PBXGroup section */
		60E3475128B662D1007B190D = {
			isa = PBXGroup;
			children = (
				60E3476B28B6638D007B190D /* README.md */,
				60E3475C28B662D1007B190D /* App */,
				60E3475B28B662D1007B190D /* Products */,
			);
			sourceTree = "<group>";
		};
		60E3475B28B662D1007B190D /* Products */ = {
			isa = PBXGroup;
			children = (
				60E3475A28B662D1007B190D /* Paythru.app */,
			);
			name = Products;
			sourceTree = "<group>";
		};
		60E3475C28B662D1007B190D /* App */ = {
			isa = PBXGroup;
			children = (
				60E3475D28B662D1007B190D /* PaythruApp.swift */,
				60E3476D28B664AD007B190D /* Sources */,
				60E3476E28B664C1007B190D /* Resources */,
			);
			path = App;
			sourceTree = "<group>";
		};
		60E3476D28B664AD007B190D /* Sources */ = {
			isa = PBXGroup;
			children = (
				60E3477E28B66EA5007B190D /* View */,
				60E3477428B66C9D007B190D /* Domain */,
				60E3477D28B66E80007B190D /* Data */,
				60E3476F28B66AFE007B190D /* Util */,
			);
			path = Sources;
			sourceTree = "<group>";
		};
		60E3476E28B664C1007B190D /* Resources */ = {
			isa = PBXGroup;
			children = (
				60E3478A28B674CE007B190D /* Paythru-Info.plist */,
				60E3476128B662D3007B190D /* Assets.xcassets */,
				60E3477A28B66DA8007B190D /* Config.xcconfig */,
				60E3478828B674AE007B190D /* Localizable.strings */,
			);
			path = Resources;
			sourceTree = "<group>";
		};
		60E3476F28B66AFE007B190D /* Util */ = {
			isa = PBXGroup;
			children = (
				60E3477F28B66EDB007B190D /* Wrappers */,
				60E3477728B66D33007B190D /* Extensions */,
				60E3477028B66B1F007B190D /* CancelBag.swift */,
			);
			path = Util;
			sourceTree = "<group>";
		};
		60E3477428B66C9D007B190D /* Domain */ = {
			isa = PBXGroup;
			children = (
				60E3477B28B66E3F007B190D /* Repository.swift */,
				60E3477528B66CE4007B190D /* Service.swift */,
			);
			path = Domain;
			sourceTree = "<group>";
		};
		60E3477728B66D33007B190D /* Extensions */ = {
			isa = PBXGroup;
			children = (
				60E3477828B66D41007B190D /* URLSession+Cache.swift */,
				60E3478B28B67599007B190D /* Dictionary+Cache.swift */,
				60E3479028B68A1F007B190D /* String+Utils.swift */,
			);
			path = Extensions;
			sourceTree = "<group>";
		};
		60E3477D28B66E80007B190D /* Data */ = {
			isa = PBXGroup;
			children = (
				60E3478228B66F0F007B190D /* Response.swift */,
				60E3478628B673D8007B190D /* Country.swift */,
			);
			path = Data;
			sourceTree = "<group>";
		};
		60E3477E28B66EA5007B190D /* View */ = {
			isa = PBXGroup;
			children = (
				60E3475F28B662D1007B190D /* ContentView.swift */,
			);
			path = View;
			sourceTree = "<group>";
		};
		60E3477F28B66EDB007B190D /* Wrappers */ = {
			isa = PBXGroup;
			children = (
				60E3478028B66EEF007B190D /* Bundle+Wrapper.swift */,
				60E3477128B66B1F007B190D /* Injection.swift */,
			);
			path = Wrappers;
			sourceTree = "<group>";
		};
/* End PBXGroup section */

/* Begin PBXNativeTarget section */
		60E3475928B662D1007B190D /* Paythru */ = {
			isa = PBXNativeTarget;
			buildConfigurationList = 60E3476828B662D3007B190D /* Build configuration list for PBXNativeTarget "Paythru" */;
			buildPhases = (
				60E3475628B662D1007B190D /* Sources */,
				60E3475728B662D1007B190D /* Frameworks */,
				60E3475828B662D1007B190D /* Resources */,
				60E3478F28B687A2007B190D /* SwiftLint */,
			);
			buildRules = (
			);
			dependencies = (
			);
			name = Paythru;
			productName = Paythru;
			productReference = 60E3475A28B662D1007B190D /* Paythru.app */;
			productType = "com.apple.product-type.application";
		};
/* End PBXNativeTarget section */

/* Begin PBXProject section */
		60E3475228B662D1007B190D /* Project object */ = {
			isa = PBXProject;
			attributes = {
				BuildIndependentTargetsInParallel = 1;
				LastSwiftUpdateCheck = 1400;
				LastUpgradeCheck = 1400;
				TargetAttributes = {
					60E3475928B662D1007B190D = {
						CreatedOnToolsVersion = 14.0;
					};
				};
			};
			buildConfigurationList = 60E3475528B662D1007B190D /* Build configuration list for PBXProject "Paythru" */;
			compatibilityVersion = "Xcode 13.0";
			developmentRegion = en;
			hasScannedForEncodings = 0;
			knownRegions = (
				en,
				Base,
			);
			mainGroup = 60E3475128B662D1007B190D;
			productRefGroup = 60E3475B28B662D1007B190D /* Products */;
			projectDirPath = "";
			projectRoot = "";
			targets = (
				60E3475928B662D1007B190D /* Paythru */,
			);
		};
/* End PBXProject section */

/* Begin PBXResourcesBuildPhase section */
		60E3475828B662D1007B190D /* Resources */ = {
			isa = PBXResourcesBuildPhase;
			buildActionMask = 2147483647;
			files = (
				60E3476C28B6638D007B190D /* README.md in Resources */,
				60E3478928B674AE007B190D /* Localizable.strings in Resources */,
				60E3476228B662D3007B190D /* Assets.xcassets in Resources */,
			);
			runOnlyForDeploymentPostprocessing = 0;
		};
/* End PBXResourcesBuildPhase section */

/* Begin PBXShellScriptBuildPhase section */
		60E3478F28B687A2007B190D /* SwiftLint */ = {
			isa = PBXShellScriptBuildPhase;
			alwaysOutOfDate = 1;
			buildActionMask = 2147483647;
			files = (
			);
			inputFileListPaths = (
			);
			inputPaths = (
			);
			name = SwiftLint;
			outputFileListPaths = (
			);
			outputPaths = (
			);
			runOnlyForDeploymentPostprocessing = 0;
			shellPath = /bin/sh;
			shellScript = "export PATH=\"$PATH:/opt/homebrew/bin\"\nif which swiftlint > /dev/null; then\n  swiftlint --fix --format\n  swiftlint\nelse\n  echo \"warning: SwiftLint not installed, download from https://github.com/realm/SwiftLint\"\nfi\n";
		};
/* End PBXShellScriptBuildPhase section */

/* Begin PBXSourcesBuildPhase section */
		60E3475628B662D1007B190D /* Sources */ = {
			isa = PBXSourcesBuildPhase;
			buildActionMask = 2147483647;
			files = (
				60E3478C28B67599007B190D /* Dictionary+Cache.swift in Sources */,
				60E3477C28B66E3F007B190D /* Repository.swift in Sources */,
				60E3476028B662D1007B190D /* ContentView.swift in Sources */,
				60E3477928B66D41007B190D /* URLSession+Cache.swift in Sources */,
				60E3477328B66B1F007B190D /* Injection.swift in Sources */,
				60E3477628B66CE4007B190D /* Service.swift in Sources */,
				60E3478128B66EEF007B190D /* Bundle+Wrapper.swift in Sources */,
				60E3478328B66F0F007B190D /* Response.swift in Sources */,
				60E3479128B68A1F007B190D /* String+Utils.swift in Sources */,
				60E3475E28B662D1007B190D /* PaythruApp.swift in Sources */,
				60E3478728B673D8007B190D /* Country.swift in Sources */,
				60E3477228B66B1F007B190D /* CancelBag.swift in Sources */,
			);
			runOnlyForDeploymentPostprocessing = 0;
		};
/* End PBXSourcesBuildPhase section */

/* Begin XCBuildConfiguration section */
		60E3476628B662D3007B190D /* Debug */ = {
			isa = XCBuildConfiguration;
			baseConfigurationReference = 60E3477A28B66DA8007B190D /* Config.xcconfig */;
			buildSettings = {
				ALWAYS_SEARCH_USER_PATHS = NO;
				CLANG_ANALYZER_NONNULL = YES;
				CLANG_ANALYZER_NUMBER_OBJECT_CONVERSION = YES_AGGRESSIVE;
				CLANG_CXX_LANGUAGE_STANDARD = "gnu++20";
				CLANG_ENABLE_MODULES = YES;
				CLANG_ENABLE_OBJC_ARC = YES;
				CLANG_ENABLE_OBJC_WEAK = YES;
				CLANG_WARN_BLOCK_CAPTURE_AUTORELEASING = YES;
				CLANG_WARN_BOOL_CONVERSION = YES;
				CLANG_WARN_COMMA = YES;
				CLANG_WARN_CONSTANT_CONVERSION = YES;
				CLANG_WARN_DEPRECATED_OBJC_IMPLEMENTATIONS = YES;
				CLANG_WARN_DIRECT_OBJC_ISA_USAGE = YES_ERROR;
				CLANG_WARN_DOCUMENTATION_COMMENTS = YES;
				CLANG_WARN_EMPTY_BODY = YES;
				CLANG_WARN_ENUM_CONVERSION = YES;
				CLANG_WARN_INFINITE_RECURSION = YES;
				CLANG_WARN_INT_CONVERSION = YES;
				CLANG_WARN_NON_LITERAL_NULL_CONVERSION = YES;
				CLANG_WARN_OBJC_IMPLICIT_RETAIN_SELF = YES;
				CLANG_WARN_OBJC_LITERAL_CONVERSION = YES;
				CLANG_WARN_OBJC_ROOT_CLASS = YES_ERROR;
				CLANG_WARN_QUOTED_INCLUDE_IN_FRAMEWORK_HEADER = YES;
				CLANG_WARN_RANGE_LOOP_ANALYSIS = YES;
				CLANG_WARN_STRICT_PROTOTYPES = YES;
				CLANG_WARN_SUSPICIOUS_MOVE = YES;
				CLANG_WARN_UNGUARDED_AVAILABILITY = YES_AGGRESSIVE;
				CLANG_WARN_UNREACHABLE_CODE = YES;
				CLANG_WARN__DUPLICATE_METHOD_MATCH = YES;
				COPY_PHASE_STRIP = NO;
				DEBUG_INFORMATION_FORMAT = dwarf;
				ENABLE_STRICT_OBJC_MSGSEND = YES;
				ENABLE_TESTABILITY = YES;
				GCC_C_LANGUAGE_STANDARD = gnu11;
				GCC_DYNAMIC_NO_PIC = NO;
				GCC_NO_COMMON_BLOCKS = YES;
				GCC_OPTIMIZATION_LEVEL = 0;
				GCC_PREPROCESSOR_DEFINITIONS = (
					"DEBUG=1",
					"$(inherited)",
				);
				GCC_WARN_64_TO_32_BIT_CONVERSION = YES;
				GCC_WARN_ABOUT_RETURN_TYPE = YES_ERROR;
				GCC_WARN_UNDECLARED_SELECTOR = YES;
				GCC_WARN_UNINITIALIZED_AUTOS = YES_AGGRESSIVE;
				GCC_WARN_UNUSED_FUNCTION = YES;
				GCC_WARN_UNUSED_VARIABLE = YES;
				IPHONEOS_DEPLOYMENT_TARGET = 15.0;
				MTL_ENABLE_DEBUG_INFO = INCLUDE_SOURCE;
				MTL_FAST_MATH = YES;
				ONLY_ACTIVE_ARCH = YES;
				SDKROOT = iphoneos;
				SWIFT_ACTIVE_COMPILATION_CONDITIONS = DEBUG;
				SWIFT_OPTIMIZATION_LEVEL = "-Onone";
			};
			name = Debug;
		};
		60E3476728B662D3007B190D /* Release */ = {
			isa = XCBuildConfiguration;
			buildSettings = {
				ALWAYS_SEARCH_USER_PATHS = NO;
				CLANG_ANALYZER_NONNULL = YES;
				CLANG_ANALYZER_NUMBER_OBJECT_CONVERSION = YES_AGGRESSIVE;
				CLANG_CXX_LANGUAGE_STANDARD = "gnu++20";
				CLANG_ENABLE_MODULES = YES;
				CLANG_ENABLE_OBJC_ARC = YES;
				CLANG_ENABLE_OBJC_WEAK = YES;
				CLANG_WARN_BLOCK_CAPTURE_AUTORELEASING = YES;
				CLANG_WARN_BOOL_CONVERSION = YES;
				CLANG_WARN_COMMA = YES;
				CLANG_WARN_CONSTANT_CONVERSION = YES;
				CLANG_WARN_DEPRECATED_OBJC_IMPLEMENTATIONS = YES;
				CLANG_WARN_DIRECT_OBJC_ISA_USAGE = YES_ERROR;
				CLANG_WARN_DOCUMENTATION_COMMENTS = YES;
				CLANG_WARN_EMPTY_BODY = YES;
				CLANG_WARN_ENUM_CONVERSION = YES;
				CLANG_WARN_INFINITE_RECURSION = YES;
				CLANG_WARN_INT_CONVERSION = YES;
				CLANG_WARN_NON_LITERAL_NULL_CONVERSION = YES;
				CLANG_WARN_OBJC_IMPLICIT_RETAIN_SELF = YES;
				CLANG_WARN_OBJC_LITERAL_CONVERSION = YES;
				CLANG_WARN_OBJC_ROOT_CLASS = YES_ERROR;
				CLANG_WARN_QUOTED_INCLUDE_IN_FRAMEWORK_HEADER = YES;
				CLANG_WARN_RANGE_LOOP_ANALYSIS = YES;
				CLANG_WARN_STRICT_PROTOTYPES = YES;
				CLANG_WARN_SUSPICIOUS_MOVE = YES;
				CLANG_WARN_UNGUARDED_AVAILABILITY = YES_AGGRESSIVE;
				CLANG_WARN_UNREACHABLE_CODE = YES;
				CLANG_WARN__DUPLICATE_METHOD_MATCH = YES;
				COPY_PHASE_STRIP = NO;
				DEBUG_INFORMATION_FORMAT = "dwarf-with-dsym";
				ENABLE_NS_ASSERTIONS = NO;
				ENABLE_STRICT_OBJC_MSGSEND = YES;
				GCC_C_LANGUAGE_STANDARD = gnu11;
				GCC_NO_COMMON_BLOCKS = YES;
				GCC_WARN_64_TO_32_BIT_CONVERSION = YES;
				GCC_WARN_ABOUT_RETURN_TYPE = YES_ERROR;
				GCC_WARN_UNDECLARED_SELECTOR = YES;
				GCC_WARN_UNINITIALIZED_AUTOS = YES_AGGRESSIVE;
				GCC_WARN_UNUSED_FUNCTION = YES;
				GCC_WARN_UNUSED_VARIABLE = YES;
				IPHONEOS_DEPLOYMENT_TARGET = 15.0;
				MTL_ENABLE_DEBUG_INFO = NO;
				MTL_FAST_MATH = YES;
				SDKROOT = iphoneos;
				SWIFT_COMPILATION_MODE = wholemodule;
				SWIFT_OPTIMIZATION_LEVEL = "-O";
				VALIDATE_PRODUCT = YES;
			};
			name = Release;
		};
		60E3476928B662D3007B190D /* Debug */ = {
			isa = XCBuildConfiguration;
			baseConfigurationReference = 60E3477A28B66DA8007B190D /* Config.xcconfig */;
			buildSettings = {
				ASSETCATALOG_COMPILER_APPICON_NAME = AppIcon;
				ASSETCATALOG_COMPILER_GLOBAL_ACCENT_COLOR_NAME = AccentColor;
				CODE_SIGN_STYLE = Automatic;
				CURRENT_PROJECT_VERSION = 1;
				DEVELOPMENT_ASSET_PATHS = "";
				ENABLE_PREVIEWS = YES;
				GENERATE_INFOPLIST_FILE = YES;
				INFOPLIST_FILE = "App/Resources/Paythru-Info.plist";
				INFOPLIST_KEY_UIApplicationSceneManifest_Generation = YES;
				INFOPLIST_KEY_UIApplicationSupportsIndirectInputEvents = YES;
				INFOPLIST_KEY_UILaunchScreen_Generation = YES;
				INFOPLIST_KEY_UISupportedInterfaceOrientations_iPad = "UIInterfaceOrientationPortrait UIInterfaceOrientationPortraitUpsideDown UIInterfaceOrientationLandscapeLeft UIInterfaceOrientationLandscapeRight";
				INFOPLIST_KEY_UISupportedInterfaceOrientations_iPhone = "UIInterfaceOrientationPortrait UIInterfaceOrientationLandscapeLeft UIInterfaceOrientationLandscapeRight";
				IPHONEOS_DEPLOYMENT_TARGET = 15.0;
				LD_RUNPATH_SEARCH_PATHS = (
					"$(inherited)",
					"@executable_path/Frameworks",
				);
				MARKETING_VERSION = 1.0;
				PRODUCT_BUNDLE_IDENTIFIER = com.blueantcorp.Paythru;
				PRODUCT_NAME = "$(TARGET_NAME)";
				SWIFT_EMIT_LOC_STRINGS = YES;
				SWIFT_VERSION = 5.6;
				TARGETED_DEVICE_FAMILY = "1,2";
			};
			name = Debug;
		};
		60E3476A28B662D3007B190D /* Release */ = {
			isa = XCBuildConfiguration;
			buildSettings = {
				ASSETCATALOG_COMPILER_APPICON_NAME = AppIcon;
				ASSETCATALOG_COMPILER_GLOBAL_ACCENT_COLOR_NAME = AccentColor;
				CODE_SIGN_STYLE = Automatic;
				CURRENT_PROJECT_VERSION = 1;
				DEVELOPMENT_ASSET_PATHS = "";
				ENABLE_PREVIEWS = YES;
				GENERATE_INFOPLIST_FILE = YES;
				INFOPLIST_FILE = "App/Resources/Paythru-Info.plist";
				INFOPLIST_KEY_UIApplicationSceneManifest_Generation = YES;
				INFOPLIST_KEY_UIApplicationSupportsIndirectInputEvents = YES;
				INFOPLIST_KEY_UILaunchScreen_Generation = YES;
				INFOPLIST_KEY_UISupportedInterfaceOrientations_iPad = "UIInterfaceOrientationPortrait UIInterfaceOrientationPortraitUpsideDown UIInterfaceOrientationLandscapeLeft UIInterfaceOrientationLandscapeRight";
				INFOPLIST_KEY_UISupportedInterfaceOrientations_iPhone = "UIInterfaceOrientationPortrait UIInterfaceOrientationLandscapeLeft UIInterfaceOrientationLandscapeRight";
				IPHONEOS_DEPLOYMENT_TARGET = 15.0;
				LD_RUNPATH_SEARCH_PATHS = (
					"$(inherited)",
					"@executable_path/Frameworks",
				);
				MARKETING_VERSION = 1.0;
				PRODUCT_BUNDLE_IDENTIFIER = com.blueantcorp.Paythru;
				PRODUCT_NAME = "$(TARGET_NAME)";
				SWIFT_EMIT_LOC_STRINGS = YES;
				SWIFT_VERSION = 5.6;
				TARGETED_DEVICE_FAMILY = "1,2";
			};
			name = Release;
		};
/* End XCBuildConfiguration section */

/* Begin XCConfigurationList section */
		60E3475528B662D1007B190D /* Build configuration list for PBXProject "Paythru" */ = {
			isa = XCConfigurationList;
			buildConfigurations = (
				60E3476628B662D3007B190D /* Debug */,
				60E3476728B662D3007B190D /* Release */,
			);
			defaultConfigurationIsVisible = 0;
			defaultConfigurationName = Release;
		};
		60E3476828B662D3007B190D /* Build configuration list for PBXNativeTarget "Paythru" */ = {
			isa = XCConfigurationList;
			buildConfigurations = (
				60E3476928B662D3007B190D /* Debug */,
				60E3476A28B662D3007B190D /* Release */,
			);
			defaultConfigurationIsVisible = 0;
			defaultConfigurationName = Release;
		};
/* End XCConfigurationList section */
	};
	rootObject = 60E3475228B662D1007B190D /* Project object */;
}
